
Microsoft Visual Studio Solution File, Format Version 12.00
# Visual Studio Version 17
VisualStudioVersion = 17.1.32319.34
MinimumVisualStudioVersion = 10.0.40219.1
Project("{9A19103F-16F7-4668-BE54-9A1E7A4F7556}") = "NetCore3WithReact", "NetCore3WithReact\NetCore3WithReact.csproj", "{E5F43369-F9D2-4EEA-A2A6-B160FFD338FC}"
EndProject
Project("{9A19103F-16F7-4668-BE54-9A1E7A4F7556}") = "NetCore3WithReact.DAL", "NetCore3WithReact.DAL\NetCore3WithReact.DAL.csproj", "{A4EAB1DD-4B5F-47FB-B967-5C37DC96CBFD}"
EndProject
Project("{9A19103F-16F7-4668-BE54-9A1E7A4F7556}") = "NetCore3WithReact.Utilities", "NetCore3WithReact.Utilities\NetCore3WithReact.Utilities.csproj", "{D67CDA8F-86E2-444D-A62A-3728FA46F557}"
EndProject
Project("{FAE04EC0-301F-11D3-BF4B-00C04F79EFBC}") = "NetCore3WithReact.BusinessLogic", "NetCore3WithReact.BusinessLogic\NetCore3WithReact.BusinessLogic.csproj", "{566E84A1-AD87-4638-AE5D-AF73D3BC8D71}"
EndProject
Global
	GlobalSection(SolutionConfigurationPlatforms) = preSolution
		Debug|Any CPU = Debug|Any CPU
		Release|Any CPU = Release|Any CPU
	EndGlobalSection
	GlobalSection(ProjectConfigurationPlatforms) = postSolution
		{E5F43369-F9D2-4EEA-A2A6-B160FFD338FC}.Debug|Any CPU.ActiveCfg = Debug|Any CPU
		{E5F43369-F9D2-4EEA-A2A6-B160FFD338FC}.Debug|Any CPU.Build.0 = Debug|Any CPU
		{E5F43369-F9D2-4EEA-A2A6-B160FFD338FC}.Release|Any CPU.ActiveCfg = Release|Any CPU
		{E5F43369-F9D2-4EEA-A2A6-B160FFD338FC}.Release|Any CPU.Build.0 = Release|Any CPU
		{A4EAB1DD-4B5F-47FB-B967-5C37DC96CBFD}.Debug|Any CPU.ActiveCfg = Debug|Any CPU
		{A4EAB1DD-4B5F-47FB-B967-5C37DC96CBFD}.Debug|Any CPU.Build.0 = Debug|Any CPU
		{A4EAB1DD-4B5F-47FB-B967-5C37DC96CBFD}.Release|Any CPU.ActiveCfg = Release|Any CPU
		{A4EAB1DD-4B5F-47FB-B967-5C37DC96CBFD}.Release|Any CPU.Build.0 = Release|Any CPU
		{D67CDA8F-86E2-444D-A62A-3728FA46F557}.Debug|Any CPU.ActiveCfg = Debug|Any CPU
		{D67CDA8F-86E2-444D-A62A-3728FA46F557}.Debug|Any CPU.Build.0 = Debug|Any CPU
		{D67CDA8F-86E2-444D-A62A-3728FA46F557}.Release|Any CPU.ActiveCfg = Release|Any CPU
		{D67CDA8F-86E2-444D-A62A-3728FA46F557}.Release|Any CPU.Build.0 = Release|Any CPU
		{566E84A1-AD87-4638-AE5D-AF73D3BC8D71}.Debug|Any CPU.ActiveCfg = Debug|Any CPU
		{566E84A1-AD87-4638-AE5D-AF73D3BC8D71}.Debug|Any CPU.Build.0 = Debug|Any CPU
		{566E84A1-AD87-4638-AE5D-AF73D3BC8D71}.Release|Any CPU.ActiveCfg = Release|Any CPU
		{566E84A1-AD87-4638-AE5D-AF73D3BC8D71}.Release|Any CPU.Build.0 = Release|Any CPU
	EndGlobalSection
	GlobalSection(SolutionProperties) = preSolution
		HideSolutionNode = FALSE
	EndGlobalSection
	GlobalSection(ExtensibilityGlobals) = postSolution
		SolutionGuid = {82022907-8300-4F05-B779-1F76A106D311}
	EndGlobalSection
EndGlobal
